
Microsoft Visual Studio Solution File, Format Version 12.00
# Visual Studio Version 17
VisualStudioVersion = 17.11.35312.102
MinimumVisualStudioVersion = 10.0.40219.1
Project("{9A19103F-16F7-4668-BE54-9A1E7A4F7556}") = "StudentsManagement", "StudentsManagement\StudentsManagement\StudentsManagement.csproj", "{C0AB1BC4-2DE7-4211-A675-B2A198CA1089}"
EndProject
Project("{9A19103F-16F7-4668-BE54-9A1E7A4F7556}") = "StudentsManagement.Client", "StudentsManagement\StudentsManagement.Client\StudentsManagement.Client.csproj", "{D3342E6F-780A-4ED2-A46C-C14727EBBBE7}"
EndProject
Project("{9A19103F-16F7-4668-BE54-9A1E7A4F7556}") = "StudentsManagement.Shared", "StudentsManagement.Shared\StudentsManagement.Shared.csproj", "{3DBD69FB-FEC1-4534-9D12-FF65BE080E0D}"
EndProject
Global
	GlobalSection(SolutionConfigurationPlatforms) = preSolution
		Debug|Any CPU = Debug|Any CPU
		Release|Any CPU = Release|Any CPU
	EndGlobalSection
	GlobalSection(ProjectConfigurationPlatforms) = postSolution
		{C0AB1BC4-2DE7-4211-A675-B2A198CA1089}.Debug|Any CPU.ActiveCfg = Debug|Any CPU
		{C0AB1BC4-2DE7-4211-A675-B2A198CA1089}.Debug|Any CPU.Build.0 = Debug|Any CPU
		{C0AB1BC4-2DE7-4211-A675-B2A198CA1089}.Release|Any CPU.ActiveCfg = Release|Any CPU
		{C0AB1BC4-2DE7-4211-A675-B2A198CA1089}.Release|Any CPU.Build.0 = Release|Any CPU
		{D3342E6F-780A-4ED2-A46C-C14727EBBBE7}.Debug|Any CPU.ActiveCfg = Debug|Any CPU
		{D3342E6F-780A-4ED2-A46C-C14727EBBBE7}.Debug|Any CPU.Build.0 = Debug|Any CPU
		{D3342E6F-780A-4ED2-A46C-C14727EBBBE7}.Release|Any CPU.ActiveCfg = Release|Any CPU
		{D3342E6F-780A-4ED2-A46C-C14727EBBBE7}.Release|Any CPU.Build.0 = Release|Any CPU
		{3DBD69FB-FEC1-4534-9D12-FF65BE080E0D}.Debug|Any CPU.ActiveCfg = Debug|Any CPU
		{3DBD69FB-FEC1-4534-9D12-FF65BE080E0D}.Debug|Any CPU.Build.0 = Debug|Any CPU
		{3DBD69FB-FEC1-4534-9D12-FF65BE080E0D}.Release|Any CPU.ActiveCfg = Release|Any CPU
		{3DBD69FB-FEC1-4534-9D12-FF65BE080E0D}.Release|Any CPU.Build.0 = Release|Any CPU
	EndGlobalSection
	GlobalSection(SolutionProperties) = preSolution
		HideSolutionNode = FALSE
	EndGlobalSection
	GlobalSection(ExtensibilityGlobals) = postSolution
		SolutionGuid = {FA3CD8FE-3C52-4D73-BCE9-67D941D58F46}
	EndGlobalSection
EndGlobal
